// !$*UTF8*$!
{
	archiveVersion = 1;
	classes = {
	};
	objectVersion = 50;
	objects = {

/* Begin PBXBuildFile section */
		353B7E5728E0B31900BB312D /* SonucVC.swift in Sources */ = {isa = PBXBuildFile; fileRef = 353B7E5628E0B31900BB312D /* SonucVC.swift */; };
		355D1EFA28E088F5008A4085 /* AppDelegate.swift in Sources */ = {isa = PBXBuildFile; fileRef = 355D1EF928E088F5008A4085 /* AppDelegate.swift */; };
		355D1EFC28E088F5008A4085 /* GameScene.sks in Resources */ = {isa = PBXBuildFile; fileRef = 355D1EFB28E088F5008A4085 /* GameScene.sks */; };
		355D1EFE28E088F5008A4085 /* Actions.sks in Resources */ = {isa = PBXBuildFile; fileRef = 355D1EFD28E088F5008A4085 /* Actions.sks */; };
		355D1F0028E088F5008A4085 /* GameScene.swift in Sources */ = {isa = PBXBuildFile; fileRef = 355D1EFF28E088F5008A4085 /* GameScene.swift */; };
		355D1F0228E088F5008A4085 /* GameViewController.swift in Sources */ = {isa = PBXBuildFile; fileRef = 355D1F0128E088F5008A4085 /* GameViewController.swift */; };
		355D1F0528E088F5008A4085 /* Main.storyboard in Resources */ = {isa = PBXBuildFile; fileRef = 355D1F0328E088F5008A4085 /* Main.storyboard */; };
		355D1F0728E088F7008A4085 /* Assets.xcassets in Resources */ = {isa = PBXBuildFile; fileRef = 355D1F0628E088F7008A4085 /* Assets.xcassets */; };
		355D1F1228E088F7008A4085 /* Rocket_Attacking_PlanetsTests.swift in Sources */ = {isa = PBXBuildFile; fileRef = 355D1F1128E088F7008A4085 /* Rocket_Attacking_PlanetsTests.swift */; };
		355D1F1D28E088F7008A4085 /* Rocket_Attacking_PlanetsUITests.swift in Sources */ = {isa = PBXBuildFile; fileRef = 355D1F1C28E088F7008A4085 /* Rocket_Attacking_PlanetsUITests.swift */; };
/* End PBXBuildFile section */

/* Begin PBXContainerItemProxy section */
		355D1F0E28E088F7008A4085 /* PBXContainerItemProxy */ = {
			isa = PBXContainerItemProxy;
			containerPortal = 355D1EEE28E088F5008A4085 /* Project object */;
			proxyType = 1;
			remoteGlobalIDString = 355D1EF528E088F5008A4085;
			remoteInfo = "Rocket Attacking Planets";
		};
		355D1F1928E088F7008A4085 /* PBXContainerItemProxy */ = {
			isa = PBXContainerItemProxy;
			containerPortal = 355D1EEE28E088F5008A4085 /* Project object */;
			proxyType = 1;
			remoteGlobalIDString = 355D1EF528E088F5008A4085;
			remoteInfo = "Rocket Attacking Planets";
		};
/* End PBXContainerItemProxy section */

/* Begin PBXFileReference section */
		353B7E5628E0B31900BB312D /* SonucVC.swift */ = {isa = PBXFileReference; lastKnownFileType = sourcecode.swift; path = SonucVC.swift; sourceTree = "<group>"; };
		355D1EF628E088F5008A4085 /* Rocket Attacking Planets.app */ = {isa = PBXFileReference; explicitFileType = wrapper.application; includeInIndex = 0; path = "Rocket Attacking Planets.app"; sourceTree = BUILT_PRODUCTS_DIR; };
		355D1EF928E088F5008A4085 /* AppDelegate.swift */ = {isa = PBXFileReference; lastKnownFileType = sourcecode.swift; path = AppDelegate.swift; sourceTree = "<group>"; };
		355D1EFB28E088F5008A4085 /* GameScene.sks */ = {isa = PBXFileReference; lastKnownFileType = file.sks; path = GameScene.sks; sourceTree = "<group>"; };
		355D1EFD28E088F5008A4085 /* Actions.sks */ = {isa = PBXFileReference; lastKnownFileType = file.sks; path = Actions.sks; sourceTree = "<group>"; };
		355D1EFF28E088F5008A4085 /* GameScene.swift */ = {isa = PBXFileReference; lastKnownFileType = sourcecode.swift; path = GameScene.swift; sourceTree = "<group>"; };
		355D1F0128E088F5008A4085 /* GameViewController.swift */ = {isa = PBXFileReference; lastKnownFileType = sourcecode.swift; path = GameViewController.swift; sourceTree = "<group>"; };
		355D1F0428E088F5008A4085 /* Base */ = {isa = PBXFileReference; lastKnownFileType = file.storyboard; name = Base; path = Base.lproj/Main.storyboard; sourceTree = "<group>"; };
		355D1F0628E088F7008A4085 /* Assets.xcassets */ = {isa = PBXFileReference; lastKnownFileType = folder.assetcatalog; path = Assets.xcassets; sourceTree = "<group>"; };
		355D1F0828E088F7008A4085 /* Info.plist */ = {isa = PBXFileReference; lastKnownFileType = text.plist.xml; path = Info.plist; sourceTree = "<group>"; };
		355D1F0D28E088F7008A4085 /* Rocket Attacking PlanetsTests.xctest */ = {isa = PBXFileReference; explicitFileType = wrapper.cfbundle; includeInIndex = 0; path = "Rocket Attacking PlanetsTests.xctest"; sourceTree = BUILT_PRODUCTS_DIR; };
		355D1F1128E088F7008A4085 /* Rocket_Attacking_PlanetsTests.swift */ = {isa = PBXFileReference; lastKnownFileType = sourcecode.swift; path = Rocket_Attacking_PlanetsTests.swift; sourceTree = "<group>"; };
		355D1F1328E088F7008A4085 /* Info.plist */ = {isa = PBXFileReference; lastKnownFileType = text.plist.xml; path = Info.plist; sourceTree = "<group>"; };
		355D1F1828E088F7008A4085 /* Rocket Attacking PlanetsUITests.xctest */ = {isa = PBXFileReference; explicitFileType = wrapper.cfbundle; includeInIndex = 0; path = "Rocket Attacking PlanetsUITests.xctest"; sourceTree = BUILT_PRODUCTS_DIR; };
		355D1F1C28E088F7008A4085 /* Rocket_Attacking_PlanetsUITests.swift */ = {isa = PBXFileReference; lastKnownFileType = sourcecode.swift; path = Rocket_Attacking_PlanetsUITests.swift; sourceTree = "<group>"; };
		355D1F1E28E088F7008A4085 /* Info.plist */ = {isa = PBXFileReference; lastKnownFileType = text.plist.xml; path = Info.plist; sourceTree = "<group>"; };
/* End PBXFileReference section */

/* Begin PBXFrameworksBuildPhase section */
		355D1EF328E088F5008A4085 /* Frameworks */ = {
			isa = PBXFrameworksBuildPhase;
			buildActionMask = 2147483647;
			files = (
			);
			runOnlyForDeploymentPostprocessing = 0;
		};
		355D1F0A28E088F7008A4085 /* Frameworks */ = {
			isa = PBXFrameworksBuildPhase;
			buildActionMask = 2147483647;
			files = (
			);
			runOnlyForDeploymentPostprocessing = 0;
		};
		355D1F1528E088F7008A4085 /* Frameworks */ = {
			isa = PBXFrameworksBuildPhase;
			buildActionMask = 2147483647;
			files = (
			);
			runOnlyForDeploymentPostprocessing = 0;
		};
/* End PBXFrameworksBuildPhase section */

/* Begin PBXGroup section */
		355D1EED28E088F5008A4085 = {
			isa = PBXGroup;
			children = (
				355D1EF828E088F5008A4085 /* Rocket Attacking Planets */,
				355D1F1028E088F7008A4085 /* Rocket Attacking PlanetsTests */,
				355D1F1B28E088F7008A4085 /* Rocket Attacking PlanetsUITests */,
				355D1EF728E088F5008A4085 /* Products */,
			);
			sourceTree = "<group>";
		};
		355D1EF728E088F5008A4085 /* Products */ = {
			isa = PBXGroup;
			children = (
				355D1EF628E088F5008A4085 /* Rocket Attacking Planets.app */,
				355D1F0D28E088F7008A4085 /* Rocket Attacking PlanetsTests.xctest */,
				355D1F1828E088F7008A4085 /* Rocket Attacking PlanetsUITests.xctest */,
			);
			name = Products;
			sourceTree = "<group>";
		};
		355D1EF828E088F5008A4085 /* Rocket Attacking Planets */ = {
			isa = PBXGroup;
			children = (
				355D1EF928E088F5008A4085 /* AppDelegate.swift */,
				355D1EFB28E088F5008A4085 /* GameScene.sks */,
				355D1EFD28E088F5008A4085 /* Actions.sks */,
				355D1EFF28E088F5008A4085 /* GameScene.swift */,
				355D1F0128E088F5008A4085 /* GameViewController.swift */,
				353B7E5628E0B31900BB312D /* SonucVC.swift */,
				355D1F0328E088F5008A4085 /* Main.storyboard */,
				355D1F0628E088F7008A4085 /* Assets.xcassets */,
				355D1F0828E088F7008A4085 /* Info.plist */,
			);
			path = "Rocket Attacking Planets";
			sourceTree = "<group>";
		};
		355D1F1028E088F7008A4085 /* Rocket Attacking PlanetsTests */ = {
			isa = PBXGroup;
			children = (
				355D1F1128E088F7008A4085 /* Rocket_Attacking_PlanetsTests.swift */,
				355D1F1328E088F7008A4085 /* Info.plist */,
			);
			path = "Rocket Attacking PlanetsTests";
			sourceTree = "<group>";
		};
		355D1F1B28E088F7008A4085 /* Rocket Attacking PlanetsUITests */ = {
			isa = PBXGroup;
			children = (
				355D1F1C28E088F7008A4085 /* Rocket_Attacking_PlanetsUITests.swift */,
				355D1F1E28E088F7008A4085 /* Info.plist */,
			);
			path = "Rocket Attacking PlanetsUITests";
			sourceTree = "<group>";
		};
/* End PBXGroup section */

/* Begin PBXNativeTarget section */
		355D1EF528E088F5008A4085 /* Rocket Attacking Planets */ = {
			isa = PBXNativeTarget;
			buildConfigurationList = 355D1F2128E088F7008A4085 /* Build configuration list for PBXNativeTarget "Rocket Attacking Planets" */;
			buildPhases = (
				355D1EF228E088F5008A4085 /* Sources */,
				355D1EF328E088F5008A4085 /* Frameworks */,
				355D1EF428E088F5008A4085 /* Resources */,
			);
			buildRules = (
			);
			dependencies = (
			);
			name = "Rocket Attacking Planets";
			productName = "Rocket Attacking Planets";
			productReference = 355D1EF628E088F5008A4085 /* Rocket Attacking Planets.app */;
			productType = "com.apple.product-type.application";
		};
		355D1F0C28E088F7008A4085 /* Rocket Attacking PlanetsTests */ = {
			isa = PBXNativeTarget;
			buildConfigurationList = 355D1F2428E088F7008A4085 /* Build configuration list for PBXNativeTarget "Rocket Attacking PlanetsTests" */;
			buildPhases = (
				355D1F0928E088F7008A4085 /* Sources */,
				355D1F0A28E088F7008A4085 /* Frameworks */,
				355D1F0B28E088F7008A4085 /* Resources */,
			);
			buildRules = (
			);
			dependencies = (
				355D1F0F28E088F7008A4085 /* PBXTargetDependency */,
			);
			name = "Rocket Attacking PlanetsTests";
			productName = "Rocket Attacking PlanetsTests";
			productReference = 355D1F0D28E088F7008A4085 /* Rocket Attacking PlanetsTests.xctest */;
			productType = "com.apple.product-type.bundle.unit-test";
		};
		355D1F1728E088F7008A4085 /* Rocket Attacking PlanetsUITests */ = {
			isa = PBXNativeTarget;
			buildConfigurationList = 355D1F2728E088F7008A4085 /* Build configuration list for PBXNativeTarget "Rocket Attacking PlanetsUITests" */;
			buildPhases = (
				355D1F1428E088F7008A4085 /* Sources */,
				355D1F1528E088F7008A4085 /* Frameworks */,
				355D1F1628E088F7008A4085 /* Resources */,
			);
			buildRules = (
			);
			dependencies = (
				355D1F1A28E088F7008A4085 /* PBXTargetDependency */,
			);
			name = "Rocket Attacking PlanetsUITests";
			productName = "Rocket Attacking PlanetsUITests";
			productReference = 355D1F1828E088F7008A4085 /* Rocket Attacking PlanetsUITests.xctest */;
			productType = "com.apple.product-type.bundle.ui-testing";
		};
/* End PBXNativeTarget section */

/* Begin PBXProject section */
		355D1EEE28E088F5008A4085 /* Project object */ = {
			isa = PBXProject;
			attributes = {
				LastSwiftUpdateCheck = 1230;
				LastUpgradeCheck = 1230;
				TargetAttributes = {
					355D1EF528E088F5008A4085 = {
						CreatedOnToolsVersion = 12.3;
					};
					355D1F0C28E088F7008A4085 = {
						CreatedOnToolsVersion = 12.3;
						TestTargetID = 355D1EF528E088F5008A4085;
					};
					355D1F1728E088F7008A4085 = {
						CreatedOnToolsVersion = 12.3;
						TestTargetID = 355D1EF528E088F5008A4085;
					};
				};
			};
			buildConfigurationList = 355D1EF128E088F5008A4085 /* Build configuration list for PBXProject "Rocket Attacking Planets" */;
			compatibilityVersion = "Xcode 9.3";
			developmentRegion = en;
			hasScannedForEncodings = 0;
			knownRegions = (
				en,
				Base,
			);
			mainGroup = 355D1EED28E088F5008A4085;
			productRefGroup = 355D1EF728E088F5008A4085 /* Products */;
			projectDirPath = "";
			projectRoot = "";
			targets = (
				355D1EF528E088F5008A4085 /* Rocket Attacking Planets */,
				355D1F0C28E088F7008A4085 /* Rocket Attacking PlanetsTests */,
				355D1F1728E088F7008A4085 /* Rocket Attacking PlanetsUITests */,
			);
		};
/* End PBXProject section */

/* Begin PBXResourcesBuildPhase section */
		355D1EF428E088F5008A4085 /* Resources */ = {
			isa = PBXResourcesBuildPhase;
			buildActionMask = 2147483647;
			files = (
				355D1F0528E088F5008A4085 /* Main.storyboard in Resources */,
				355D1EFC28E088F5008A4085 /* GameScene.sks in Resources */,
				355D1F0728E088F7008A4085 /* Assets.xcassets in Resources */,
				355D1EFE28E088F5008A4085 /* Actions.sks in Resources */,
			);
			runOnlyForDeploymentPostprocessing = 0;
		};
		355D1F0B28E088F7008A4085 /* Resources */ = {
			isa = PBXResourcesBuildPhase;
			buildActionMask = 2147483647;
			files = (
			);
			runOnlyForDeploymentPostprocessing = 0;
		};
		355D1F1628E088F7008A4085 /* Resources */ = {
			isa = PBXResourcesBuildPhase;
			buildActionMask = 2147483647;
			files = (
			);
			runOnlyForDeploymentPostprocessing = 0;
		};
/* End PBXResourcesBuildPhase section */

/* Begin PBXSourcesBuildPhase section */
		355D1EF228E088F5008A4085 /* Sources */ = {
			isa = PBXSourcesBuildPhase;
			buildActionMask = 2147483647;
			files = (
				355D1F0028E088F5008A4085 /* GameScene.swift in Sources */,
				353B7E5728E0B31900BB312D /* SonucVC.swift in Sources */,
				355D1F0228E088F5008A4085 /* GameViewController.swift in Sources */,
				355D1EFA28E088F5008A4085 /* AppDelegate.swift in Sources */,
			);
			runOnlyForDeploymentPostprocessing = 0;
		};
		355D1F0928E088F7008A4085 /* Sources */ = {
			isa = PBXSourcesBuildPhase;
			buildActionMask = 2147483647;
			files = (
				355D1F1228E088F7008A4085 /* Rocket_Attacking_PlanetsTests.swift in Sources */,
			);
			runOnlyForDeploymentPostprocessing = 0;
		};
		355D1F1428E088F7008A4085 /* Sources */ = {
			isa = PBXSourcesBuildPhase;
			buildActionMask = 2147483647;
			files = (
				355D1F1D28E088F7008A4085 /* Rocket_Attacking_PlanetsUITests.swift in Sources */,
			);
			runOnlyForDeploymentPostprocessing = 0;
		};
/* End PBXSourcesBuildPhase section */

/* Begin PBXTargetDependency section */
		355D1F0F28E088F7008A4085 /* PBXTargetDependency */ = {
			isa = PBXTargetDependency;
			target = 355D1EF528E088F5008A4085 /* Rocket Attacking Planets */;
			targetProxy = 355D1F0E28E088F7008A4085 /* PBXContainerItemProxy */;
		};
		355D1F1A28E088F7008A4085 /* PBXTargetDependency */ = {
			isa = PBXTargetDependency;
			target = 355D1EF528E088F5008A4085 /* Rocket Attacking Planets */;
			targetProxy = 355D1F1928E088F7008A4085 /* PBXContainerItemProxy */;
		};
/* End PBXTargetDependency section */

/* Begin PBXVariantGroup section */
		355D1F0328E088F5008A4085 /* Main.storyboard */ = {
			isa = PBXVariantGroup;
			children = (
				355D1F0428E088F5008A4085 /* Base */,
			);
			name = Main.storyboard;
			sourceTree = "<group>";
		};
/* End PBXVariantGroup section */

/* Begin XCBuildConfiguration section */
		355D1F1F28E088F7008A4085 /* Debug */ = {
			isa = XCBuildConfiguration;
			buildSettings = {
				ALWAYS_SEARCH_USER_PATHS = NO;
				CLANG_ANALYZER_NONNULL = YES;
				CLANG_ANALYZER_NUMBER_OBJECT_CONVERSION = YES_AGGRESSIVE;
				CLANG_CXX_LANGUAGE_STANDARD = "gnu++14";
				CLANG_CXX_LIBRARY = "libc++";
				CLANG_ENABLE_MODULES = YES;
				CLANG_ENABLE_OBJC_ARC = YES;
				CLANG_ENABLE_OBJC_WEAK = YES;
				CLANG_WARN_BLOCK_CAPTURE_AUTORELEASING = YES;
				CLANG_WARN_BOOL_CONVERSION = YES;
				CLANG_WARN_COMMA = YES;
				CLANG_WARN_CONSTANT_CONVERSION = YES;
				CLANG_WARN_DEPRECATED_OBJC_IMPLEMENTATIONS = YES;
				CLANG_WARN_DIRECT_OBJC_ISA_USAGE = YES_ERROR;
				CLANG_WARN_DOCUMENTATION_COMMENTS = YES;
				CLANG_WARN_EMPTY_BODY = YES;
				CLANG_WARN_ENUM_CONVERSION = YES;
				CLANG_WARN_INFINITE_RECURSION = YES;
				CLANG_WARN_INT_CONVERSION = YES;
				CLANG_WARN_NON_LITERAL_NULL_CONVERSION = YES;
				CLANG_WARN_OBJC_IMPLICIT_RETAIN_SELF = YES;
				CLANG_WARN_OBJC_LITERAL_CONVERSION = YES;
				CLANG_WARN_OBJC_ROOT_CLASS = YES_ERROR;
				CLANG_WARN_QUOTED_INCLUDE_IN_FRAMEWORK_HEADER = YES;
				CLANG_WARN_RANGE_LOOP_ANALYSIS = YES;
				CLANG_WARN_STRICT_PROTOTYPES = YES;
				CLANG_WARN_SUSPICIOUS_MOVE = YES;
				CLANG_WARN_UNGUARDED_AVAILABILITY = YES_AGGRESSIVE;
				CLANG_WARN_UNREACHABLE_CODE = YES;
				CLANG_WARN__DUPLICATE_METHOD_MATCH = YES;
				COPY_PHASE_STRIP = NO;
				DEBUG_INFORMATION_FORMAT = dwarf;
				ENABLE_STRICT_OBJC_MSGSEND = YES;
				ENABLE_TESTABILITY = YES;
				GCC_C_LANGUAGE_STANDARD = gnu11;
				GCC_DYNAMIC_NO_PIC = NO;
				GCC_NO_COMMON_BLOCKS = YES;
				GCC_OPTIMIZATION_LEVEL = 0;
				GCC_PREPROCESSOR_DEFINITIONS = (
					"DEBUG=1",
					"$(inherited)",
				);
				GCC_WARN_64_TO_32_BIT_CONVERSION = YES;
				GCC_WARN_ABOUT_RETURN_TYPE = YES_ERROR;
				GCC_WARN_UNDECLARED_SELECTOR = YES;
				GCC_WARN_UNINITIALIZED_AUTOS = YES_AGGRESSIVE;
				GCC_WARN_UNUSED_FUNCTION = YES;
				GCC_WARN_UNUSED_VARIABLE = YES;
				IPHONEOS_DEPLOYMENT_TARGET = 14.3;
				MTL_ENABLE_DEBUG_INFO = INCLUDE_SOURCE;
				MTL_FAST_MATH = YES;
				ONLY_ACTIVE_ARCH = YES;
				SDKROOT = iphoneos;
				SWIFT_ACTIVE_COMPILATION_CONDITIONS = DEBUG;
				SWIFT_OPTIMIZATION_LEVEL = "-Onone";
			};
			name = Debug;
		};
		355D1F2028E088F7008A4085 /* Release */ = {
			isa = XCBuildConfiguration;
			buildSettings = {
				ALWAYS_SEARCH_USER_PATHS = NO;
				CLANG_ANALYZER_NONNULL = YES;
				CLANG_ANALYZER_NUMBER_OBJECT_CONVERSION = YES_AGGRESSIVE;
				CLANG_CXX_LANGUAGE_STANDARD = "gnu++14";
				CLANG_CXX_LIBRARY = "libc++";
				CLANG_ENABLE_MODULES = YES;
				CLANG_ENABLE_OBJC_ARC = YES;
				CLANG_ENABLE_OBJC_WEAK = YES;
				CLANG_WARN_BLOCK_CAPTURE_AUTORELEASING = YES;
				CLANG_WARN_BOOL_CONVERSION = YES;
				CLANG_WARN_COMMA = YES;
				CLANG_WARN_CONSTANT_CONVERSION = YES;
				CLANG_WARN_DEPRECATED_OBJC_IMPLEMENTATIONS = YES;
				CLANG_WARN_DIRECT_OBJC_ISA_USAGE = YES_ERROR;
				CLANG_WARN_DOCUMENTATION_COMMENTS = YES;
				CLANG_WARN_EMPTY_BODY = YES;
				CLANG_WARN_ENUM_CONVERSION = YES;
				CLANG_WARN_INFINITE_RECURSION = YES;
				CLANG_WARN_INT_CONVERSION = YES;
				CLANG_WARN_NON_LITERAL_NULL_CONVERSION = YES;
				CLANG_WARN_OBJC_IMPLICIT_RETAIN_SELF = YES;
				CLANG_WARN_OBJC_LITERAL_CONVERSION = YES;
				CLANG_WARN_OBJC_ROOT_CLASS = YES_ERROR;
				CLANG_WARN_QUOTED_INCLUDE_IN_FRAMEWORK_HEADER = YES;
				CLANG_WARN_RANGE_LOOP_ANALYSIS = YES;
				CLANG_WARN_STRICT_PROTOTYPES = YES;
				CLANG_WARN_SUSPICIOUS_MOVE = YES;
				CLANG_WARN_UNGUARDED_AVAILABILITY = YES_AGGRESSIVE;
				CLANG_WARN_UNREACHABLE_CODE = YES;
				CLANG_WARN__DUPLICATE_METHOD_MATCH = YES;
				COPY_PHASE_STRIP = NO;
				DEBUG_INFORMATION_FORMAT = "dwarf-with-dsym";
				ENABLE_NS_ASSERTIONS = NO;
				ENABLE_STRICT_OBJC_MSGSEND = YES;
				GCC_C_LANGUAGE_STANDARD = gnu11;
				GCC_NO_COMMON_BLOCKS = YES;
				GCC_WARN_64_TO_32_BIT_CONVERSION = YES;
				GCC_WARN_ABOUT_RETURN_TYPE = YES_ERROR;
				GCC_WARN_UNDECLARED_SELECTOR = YES;
				GCC_WARN_UNINITIALIZED_AUTOS = YES_AGGRESSIVE;
				GCC_WARN_UNUSED_FUNCTION = YES;
				GCC_WARN_UNUSED_VARIABLE = YES;
				IPHONEOS_DEPLOYMENT_TARGET = 14.3;
				MTL_ENABLE_DEBUG_INFO = NO;
				MTL_FAST_MATH = YES;
				SDKROOT = iphoneos;
				SWIFT_COMPILATION_MODE = wholemodule;
				SWIFT_OPTIMIZATION_LEVEL = "-O";
				VALIDATE_PRODUCT = YES;
			};
			name = Release;
		};
		355D1F2228E088F7008A4085 /* Debug */ = {
			isa = XCBuildConfiguration;
			buildSettings = {
				ASSETCATALOG_COMPILER_APPICON_NAME = AppIcon;
				ASSETCATALOG_COMPILER_GLOBAL_ACCENT_COLOR_NAME = AccentColor;
				CODE_SIGN_STYLE = Automatic;
				DEVELOPMENT_TEAM = 7YAHT2XZPP;
				INFOPLIST_FILE = "Rocket Attacking Planets/Info.plist";
				LD_RUNPATH_SEARCH_PATHS = (
					"$(inherited)",
					"@executable_path/Frameworks",
				);
				PRODUCT_BUNDLE_IDENTIFIER = "YakupAcis.Rocket-Attacking-Planets";
				PRODUCT_NAME = "$(TARGET_NAME)";
				SWIFT_VERSION = 5.0;
				TARGETED_DEVICE_FAMILY = "1,2";
			};
			name = Debug;
		};
		355D1F2328E088F7008A4085 /* Release */ = {
			isa = XCBuildConfiguration;
			buildSettings = {
				ASSETCATALOG_COMPILER_APPICON_NAME = AppIcon;
				ASSETCATALOG_COMPILER_GLOBAL_ACCENT_COLOR_NAME = AccentColor;
				CODE_SIGN_STYLE = Automatic;
				DEVELOPMENT_TEAM = 7YAHT2XZPP;
				INFOPLIST_FILE = "Rocket Attacking Planets/Info.plist";
				LD_RUNPATH_SEARCH_PATHS = (
					"$(inherited)",
					"@executable_path/Frameworks",
				);
				PRODUCT_BUNDLE_IDENTIFIER = "YakupAcis.Rocket-Attacking-Planets";
				PRODUCT_NAME = "$(TARGET_NAME)";
				SWIFT_VERSION = 5.0;
				TARGETED_DEVICE_FAMILY = "1,2";
			};
			name = Release;
		};
		355D1F2528E088F7008A4085 /* Debug */ = {
			isa = XCBuildConfiguration;
			buildSettings = {
				ALWAYS_EMBED_SWIFT_STANDARD_LIBRARIES = YES;
				BUNDLE_LOADER = "$(TEST_HOST)";
				CODE_SIGN_STYLE = Automatic;
				DEVELOPMENT_TEAM = 7YAHT2XZPP;
				INFOPLIST_FILE = "Rocket Attacking PlanetsTests/Info.plist";
				IPHONEOS_DEPLOYMENT_TARGET = 14.3;
				LD_RUNPATH_SEARCH_PATHS = (
					"$(inherited)",
					"@executable_path/Frameworks",
					"@loader_path/Frameworks",
				);
				PRODUCT_BUNDLE_IDENTIFIER = "YakupAcis.Rocket-Attacking-PlanetsTests";
				PRODUCT_NAME = "$(TARGET_NAME)";
				SWIFT_VERSION = 5.0;
				TARGETED_DEVICE_FAMILY = "1,2";
				TEST_HOST = "$(BUILT_PRODUCTS_DIR)/Rocket Attacking Planets.app/Rocket Attacking Planets";
			};
			name = Debug;
		};
		355D1F2628E088F7008A4085 /* Release */ = {
			isa = XCBuildConfiguration;
			buildSettings = {
				ALWAYS_EMBED_SWIFT_STANDARD_LIBRARIES = YES;
				BUNDLE_LOADER = "$(TEST_HOST)";
				CODE_SIGN_STYLE = Automatic;
				DEVELOPMENT_TEAM = 7YAHT2XZPP;
				INFOPLIST_FILE = "Rocket Attacking PlanetsTests/Info.plist";
				IPHONEOS_DEPLOYMENT_TARGET = 14.3;
				LD_RUNPATH_SEARCH_PATHS = (
					"$(inherited)",
					"@executable_path/Frameworks",
					"@loader_path/Frameworks",
				);
				PRODUCT_BUNDLE_IDENTIFIER = "YakupAcis.Rocket-Attacking-PlanetsTests";
				PRODUCT_NAME = "$(TARGET_NAME)";
				SWIFT_VERSION = 5.0;
				TARGETED_DEVICE_FAMILY = "1,2";
				TEST_HOST = "$(BUILT_PRODUCTS_DIR)/Rocket Attacking Planets.app/Rocket Attacking Planets";
			};
			name = Release;
		};
		355D1F2828E088F7008A4085 /* Debug */ = {
			isa = XCBuildConfiguration;
			buildSettings = {
				ALWAYS_EMBED_SWIFT_STANDARD_LIBRARIES = YES;
				CODE_SIGN_STYLE = Automatic;
				DEVELOPMENT_TEAM = 7YAHT2XZPP;
				INFOPLIST_FILE = "Rocket Attacking PlanetsUITests/Info.plist";
				LD_RUNPATH_SEARCH_PATHS = (
					"$(inherited)",
					"@executable_path/Frameworks",
					"@loader_path/Frameworks",
				);
				PRODUCT_BUNDLE_IDENTIFIER = "YakupAcis.Rocket-Attacking-PlanetsUITests";
				PRODUCT_NAME = "$(TARGET_NAME)";
				SWIFT_VERSION = 5.0;
				TARGETED_DEVICE_FAMILY = "1,2";
				TEST_TARGET_NAME = "Rocket Attacking Planets";
			};
			name = Debug;
		};
		355D1F2928E088F7008A4085 /* Release */ = {
			isa = XCBuildConfiguration;
			buildSettings = {
				ALWAYS_EMBED_SWIFT_STANDARD_LIBRARIES = YES;
				CODE_SIGN_STYLE = Automatic;
				DEVELOPMENT_TEAM = 7YAHT2XZPP;
				INFOPLIST_FILE = "Rocket Attacking PlanetsUITests/Info.plist";
				LD_RUNPATH_SEARCH_PATHS = (
					"$(inherited)",
					"@executable_path/Frameworks",
					"@loader_path/Frameworks",
				);
				PRODUCT_BUNDLE_IDENTIFIER = "YakupAcis.Rocket-Attacking-PlanetsUITests";
				PRODUCT_NAME = "$(TARGET_NAME)";
				SWIFT_VERSION = 5.0;
				TARGETED_DEVICE_FAMILY = "1,2";
				TEST_TARGET_NAME = "Rocket Attacking Planets";
			};
			name = Release;
		};
/* End XCBuildConfiguration section */

/* Begin XCConfigurationList section */
		355D1EF128E088F5008A4085 /* Build configuration list for PBXProject "Rocket Attacking Planets" */ = {
			isa = XCConfigurationList;
			buildConfigurations = (
				355D1F1F28E088F7008A4085 /* Debug */,
				355D1F2028E088F7008A4085 /* Release */,
			);
			defaultConfigurationIsVisible = 0;
			defaultConfigurationName = Release;
		};
		355D1F2128E088F7008A4085 /* Build configuration list for PBXNativeTarget "Rocket Attacking Planets" */ = {
			isa = XCConfigurationList;
			buildConfigurations = (
				355D1F2228E088F7008A4085 /* Debug */,
				355D1F2328E088F7008A4085 /* Release */,
			);
			defaultConfigurationIsVisible = 0;
			defaultConfigurationName = Release;
		};
		355D1F2428E088F7008A4085 /* Build configuration list for PBXNativeTarget "Rocket Attacking PlanetsTests" */ = {
			isa = XCConfigurationList;
			buildConfigurations = (
				355D1F2528E088F7008A4085 /* Debug */,
				355D1F2628E088F7008A4085 /* Release */,
			);
			defaultConfigurationIsVisible = 0;
			defaultConfigurationName = Release;
		};
		355D1F2728E088F7008A4085 /* Build configuration list for PBXNativeTarget "Rocket Attacking PlanetsUITests" */ = {
			isa = XCConfigurationList;
			buildConfigurations = (
				355D1F2828E088F7008A4085 /* Debug */,
				355D1F2928E088F7008A4085 /* Release */,
			);
			defaultConfigurationIsVisible = 0;
			defaultConfigurationName = Release;
		};
/* End XCConfigurationList section */
	};
	rootObject = 355D1EEE28E088F5008A4085 /* Project object */;
}
